
Microsoft Visual Studio Solution File, Format Version 12.00
# Visual Studio Version 17
VisualStudioVersion = 17.6.33801.468
MinimumVisualStudioVersion = 10.0.40219.1
Project("{FAE04EC0-301F-11D3-BF4B-00C04F79EFBC}") = "Selvox.BLL", "Selvox.BLL\Selvox.BLL.csproj", "{C8287C58-8185-45B4-BDBC-AD9069FF76D7}"
EndProject
Project("{FAE04EC0-301F-11D3-BF4B-00C04F79EFBC}") = "Selvox.DAL", "Selvox.DAL\Selvox.DAL.csproj", "{FD0C1850-8785-47BC-8D11-A46D6DA01731}"
EndProject
Global
	GlobalSection(SolutionConfigurationPlatforms) = preSolution
		Debug|Any CPU = Debug|Any CPU
		Release|Any CPU = Release|Any CPU
	EndGlobalSection
	GlobalSection(ProjectConfigurationPlatforms) = postSolution
		{C8287C58-8185-45B4-BDBC-AD9069FF76D7}.Debug|Any CPU.ActiveCfg = Debug|Any CPU
		{C8287C58-8185-45B4-BDBC-AD9069FF76D7}.Debug|Any CPU.Build.0 = Debug|Any CPU
		{C8287C58-8185-45B4-BDBC-AD9069FF76D7}.Release|Any CPU.ActiveCfg = Release|Any CPU
		{C8287C58-8185-45B4-BDBC-AD9069FF76D7}.Release|Any CPU.Build.0 = Release|Any CPU
		{FD0C1850-8785-47BC-8D11-A46D6DA01731}.Debug|Any CPU.ActiveCfg = Debug|Any CPU
		{FD0C1850-8785-47BC-8D11-A46D6DA01731}.Debug|Any CPU.Build.0 = Debug|Any CPU
		{FD0C1850-8785-47BC-8D11-A46D6DA01731}.Release|Any CPU.ActiveCfg = Release|Any CPU
		{FD0C1850-8785-47BC-8D11-A46D6DA01731}.Release|Any CPU.Build.0 = Release|Any CPU
	EndGlobalSection
	GlobalSection(SolutionProperties) = preSolution
		HideSolutionNode = FALSE
	EndGlobalSection
	GlobalSection(ExtensibilityGlobals) = postSolution
		SolutionGuid = {F609B867-4D0B-4848-A1F6-350D709BAD15}
	EndGlobalSection
EndGlobal
