
Microsoft Visual Studio Solution File, Format Version 12.00
Project("{FAE04EC0-301F-11D3-BF4B-00C04F79EFBC}") = "Selvox.BLL", "Selvox.BLL\Selvox.BLL.csproj", "{2FFC1221-36C6-40B8-9881-CFF726960F54}"
EndProject
Project("{FAE04EC0-301F-11D3-BF4B-00C04F79EFBC}") = "Selvox.DAL", "Selvox.DAL\Selvox.DAL.csproj", "{175A500A-B614-4477-AED9-E3748D34FE3D}"
EndProject
Global
	GlobalSection(SolutionConfigurationPlatforms) = preSolution
		Debug|Any CPU = Debug|Any CPU
		Release|Any CPU = Release|Any CPU
	EndGlobalSection
	GlobalSection(ProjectConfigurationPlatforms) = postSolution
		{2FFC1221-36C6-40B8-9881-CFF726960F54}.Debug|Any CPU.ActiveCfg = Debug|Any CPU
		{2FFC1221-36C6-40B8-9881-CFF726960F54}.Debug|Any CPU.Build.0 = Debug|Any CPU
		{2FFC1221-36C6-40B8-9881-CFF726960F54}.Release|Any CPU.ActiveCfg = Release|Any CPU
		{2FFC1221-36C6-40B8-9881-CFF726960F54}.Release|Any CPU.Build.0 = Release|Any CPU
		{175A500A-B614-4477-AED9-E3748D34FE3D}.Debug|Any CPU.ActiveCfg = Debug|Any CPU
		{175A500A-B614-4477-AED9-E3748D34FE3D}.Debug|Any CPU.Build.0 = Debug|Any CPU
		{175A500A-B614-4477-AED9-E3748D34FE3D}.Release|Any CPU.ActiveCfg = Release|Any CPU
		{175A500A-B614-4477-AED9-E3748D34FE3D}.Release|Any CPU.Build.0 = Release|Any CPU
	EndGlobalSection
EndGlobal
